
Microsoft Visual Studio Solution File, Format Version 12.00
# Visual Studio Version 17
VisualStudioVersion = 17.7.34031.279
MinimumVisualStudioVersion = 10.0.40219.1
Project("{FAE04EC0-301F-11D3-BF4B-00C04F79EFBC}") = "Laba2_1", "Laba2_1\Laba2_1.csproj", "{CAA79B32-37A5-49DC-9D3E-EA9A31F5F100}"
EndProject
Global
	GlobalSection(SolutionConfigurationPlatforms) = preSolution
		Debug|Any CPU = Debug|Any CPU
		Release|Any CPU = Release|Any CPU
	EndGlobalSection
	GlobalSection(ProjectConfigurationPlatforms) = postSolution
		{CAA79B32-37A5-49DC-9D3E-EA9A31F5F100}.Debug|Any CPU.ActiveCfg = Debug|Any CPU
		{CAA79B32-37A5-49DC-9D3E-EA9A31F5F100}.Debug|Any CPU.Build.0 = Debug|Any CPU
		{CAA79B32-37A5-49DC-9D3E-EA9A31F5F100}.Release|Any CPU.ActiveCfg = Release|Any CPU
		{CAA79B32-37A5-49DC-9D3E-EA9A31F5F100}.Release|Any CPU.Build.0 = Release|Any CPU
	EndGlobalSection
	GlobalSection(SolutionProperties) = preSolution
		HideSolutionNode = FALSE
	EndGlobalSection
	GlobalSection(ExtensibilityGlobals) = postSolution
		SolutionGuid = {37FD5629-75A2-4B24-BF72-E8268385020F}
	EndGlobalSection
EndGlobal
